PODS:
  - SDWebImage (5.0.6):
    - SDWebImage/Core (= 5.0.6)
  - SDWebImage/Core (5.0.6)

DEPENDENCIES:
  - SDWebImage (= 5.0.6)

SPEC REPOS:
  https://github.com/cocoapods/specs.git:
    - SDWebImage

SPEC CHECKSUMS:
  SDWebImage: 920f1a2ff1ca8296ad34f6e0510a1ef1d70ac965

PODFILE CHECKSUM: 9860f1ce6f56763e15101b7ba873f8cb9fcebf4b

COCOAPODS: 1.6.1
